
Microsoft Visual Studio Solution File, Format Version 12.00
# Visual Studio 2013
VisualStudioVersion = 12.0.21005.1
MinimumVisualStudioVersion = 10.0.40219.1
Project("{FAE04EC0-301F-11D3-BF4B-00C04F79EFBC}") = "Master", "RingtailAutoInstaller\Master.csproj", "{5EE3C323-77E6-44F3-9FA5-096E40837D3C}"
EndProject
Project("{FAE04EC0-301F-11D3-BF4B-00C04F79EFBC}") = "DatabaseUpgrader", "DatabaseUpgrader\DatabaseUpgrader.csproj", "{0BAF7DEA-4340-4175-9592-CA5A6AE8C125}"
EndProject
Project("{FAE04EC0-301F-11D3-BF4B-00C04F79EFBC}") = "InstallFetcher", "InstallFetcher\InstallFetcher.csproj", "{8308311F-C693-4DA5-9C67-C8F42B04D0BF}"
EndProject
Project("{FAE04EC0-301F-11D3-BF4B-00C04F79EFBC}") = "InstallNameTruncator", "InstallNameTruncator\InstallNameTruncator.csproj", "{C75E28D3-BA85-4CBF-B3A8-6E0C5B7DE98D}"
EndProject
Project("{FAE04EC0-301F-11D3-BF4B-00C04F79EFBC}") = "Composer", "Composer\Composer.csproj", "{B7D2D4E4-7FAE-40F0-9DBD-BBBB1BE3167E}"
EndProject
Project("{FAE04EC0-301F-11D3-BF4B-00C04F79EFBC}") = "GenericInstaller", "GenericInstaller\GenericInstaller.csproj", "{9F607336-F0B9-4421-8858-172268D0872A}"
EndProject
Project("{FAE04EC0-301F-11D3-BF4B-00C04F79EFBC}") = "Deployer", "Deployer\Deployer.csproj", "{F6B403C9-9712-451B-8B48-638F12F7EB37}"
EndProject
Project("{FAE04EC0-301F-11D3-BF4B-00C04F79EFBC}") = "RegistryReader", "RegCleaner\RegistryReader.csproj", "{BC440277-0249-4BBE-9D58-5C41EACA2418}"
EndProject
Project("{FAE04EC0-301F-11D3-BF4B-00C04F79EFBC}") = "InstallerTests", "InstallerTests\InstallerTests.csproj", "{5531F8D8-C9BD-4441-8AA3-943186B7690D}"
EndProject
Project("{FAE04EC0-301F-11D3-BF4B-00C04F79EFBC}") = "RoleResolver", "RoleResolver\RoleResolver.csproj", "{1DBB10F2-5070-419C-B6D4-B0847AD097F0}"
EndProject
Project("{FAE04EC0-301F-11D3-BF4B-00C04F79EFBC}") = "ConfiguratorHelper", "ConfiguratorHelper\ConfiguratorHelper.csproj", "{EFA8CC40-0281-40A1-BE31-0654A65827E5}"
EndProject
Project("{FAE04EC0-301F-11D3-BF4B-00C04F79EFBC}") = "MasterRunner", "MasterRunner\MasterRunner.csproj", "{0C42661B-A8FA-49E6-BDD9-58EF68FA1636}"
EndProject
Project("{FAE04EC0-301F-11D3-BF4B-00C04F79EFBC}") = "DataCamel", "DataCamel\DataCamel.csproj", "{CBCC64CA-4D3A-43A8-A7F6-43952218FEC9}"
EndProject
Project("{FAE04EC0-301F-11D3-BF4B-00C04F79EFBC}") = "UninstallerHelper", "UninstallerHelper\UninstallerHelper.csproj", "{DAA7B640-3E08-430C-AB98-917597CE3601}"
EndProject
Project("{FAE04EC0-301F-11D3-BF4B-00C04F79EFBC}") = "RequiredConfigurationsGenerator", "RequiredConfigurationsGenerator\RequiredConfigurationsGenerator.csproj", "{B6CC9F23-007D-47BA-8F49-236FBA118442}"
EndProject
Project("{2150E333-8FDC-42A3-9474-1A3956D46DE8}") = "Shared", "Shared", "{804BDCCC-608D-487C-B1EA-9A60C321EB71}"
	ProjectSection(SolutionItems) = preProject
		..\Shared\VersionInfo.cs = ..\Shared\VersionInfo.cs
	EndProjectSection
EndProject
Global
	GlobalSection(TeamFoundationVersionControl) = preSolution
		SccNumberOfProjects = 16
		SccEnterpriseProvider = {4CA58AB2-18FA-4F8D-95D4-32DDF27D184C}
		SccTeamFoundationServer = http://tfs2012.dev.tech.local:8080/tfs/fticollection
		SccLocalPath0 = .
		SccProjectUniqueName1 = Composer\\Composer.csproj
		SccProjectName1 = Composer
		SccLocalPath1 = Composer
		SccProjectUniqueName2 = DatabaseUpgrader\\DatabaseUpgrader.csproj
		SccProjectName2 = DatabaseUpgrader
		SccLocalPath2 = DatabaseUpgrader
		SccProjectUniqueName3 = GenericInstaller\\GenericInstaller.csproj
		SccProjectName3 = GenericInstaller
		SccLocalPath3 = GenericInstaller
		SccProjectUniqueName4 = InstallFetcher\\InstallFetcher.csproj
		SccProjectName4 = InstallFetcher
		SccLocalPath4 = InstallFetcher
		SccProjectUniqueName5 = InstallNameTruncator\\InstallNameTruncator.csproj
		SccProjectName5 = InstallNameTruncator
		SccLocalPath5 = InstallNameTruncator
		SccProjectUniqueName6 = RingtailAutoInstaller\\Master.csproj
		SccProjectName6 = RingtailAutoInstaller
		SccLocalPath6 = RingtailAutoInstaller
		SccProjectUniqueName7 = Deployer\\Deployer.csproj
		SccProjectName7 = Deployer
		SccLocalPath7 = Deployer
		SccProjectUniqueName8 = InstallerTests\\InstallerTests.csproj
		SccProjectName8 = InstallerTests
		SccLocalPath8 = InstallerTests
		SccProjectUniqueName9 = RoleResolver\\RoleResolver.csproj
		SccProjectName9 = RoleResolver
		SccLocalPath9 = RoleResolver
		SccProjectUniqueName10 = RegCleaner\\RegistryReader.csproj
		SccProjectName10 = RegCleaner
		SccLocalPath10 = RegCleaner
		SccProjectUniqueName11 = ConfiguratorHelper\\ConfiguratorHelper.csproj
		SccProjectName11 = ConfiguratorHelper
		SccLocalPath11 = ConfiguratorHelper
		SccProjectUniqueName12 = DataCamel\\DataCamel.csproj
		SccProjectName12 = DataCamel
		SccLocalPath12 = DataCamel
		SccProjectUniqueName13 = MasterRunner\\MasterRunner.csproj
		SccProjectName13 = MasterRunner
		SccLocalPath13 = MasterRunner
		SccProjectUniqueName14 = UninstallerHelper\\UninstallerHelper.csproj
		SccProjectName14 = UninstallerHelper
		SccLocalPath14 = UninstallerHelper
		SccProjectUniqueName15 = RequiredConfigurationsGenerator\\RequiredConfigurationsGenerator.csproj
		SccProjectName15 = RequiredConfigurationsGenerator
		SccLocalPath15 = RequiredConfigurationsGenerator
	EndGlobalSection
	GlobalSection(SolutionConfigurationPlatforms) = preSolution
		Debug|Any CPU = Debug|Any CPU
		Debug|Mixed Platforms = Debug|Mixed Platforms
		Debug|Win32 = Debug|Win32
		Release|Any CPU = Release|Any CPU
		Release|Mixed Platforms = Release|Mixed Platforms
		Release|Win32 = Release|Win32
	EndGlobalSection
	GlobalSection(ProjectConfigurationPlatforms) = postSolution
		{5EE3C323-77E6-44F3-9FA5-096E40837D3C}.Debug|Any CPU.ActiveCfg = Debug|Any CPU
		{5EE3C323-77E6-44F3-9FA5-096E40837D3C}.Debug|Any CPU.Build.0 = Debug|Any CPU
		{5EE3C323-77E6-44F3-9FA5-096E40837D3C}.Debug|Mixed Platforms.ActiveCfg = Debug|Any CPU
		{5EE3C323-77E6-44F3-9FA5-096E40837D3C}.Debug|Mixed Platforms.Build.0 = Debug|Any CPU
		{5EE3C323-77E6-44F3-9FA5-096E40837D3C}.Debug|Win32.ActiveCfg = Debug|Any CPU
		{5EE3C323-77E6-44F3-9FA5-096E40837D3C}.Release|Any CPU.ActiveCfg = Release|Any CPU
		{5EE3C323-77E6-44F3-9FA5-096E40837D3C}.Release|Any CPU.Build.0 = Release|Any CPU
		{5EE3C323-77E6-44F3-9FA5-096E40837D3C}.Release|Mixed Platforms.ActiveCfg = Release|Any CPU
		{5EE3C323-77E6-44F3-9FA5-096E40837D3C}.Release|Mixed Platforms.Build.0 = Release|Any CPU
		{5EE3C323-77E6-44F3-9FA5-096E40837D3C}.Release|Win32.ActiveCfg = Release|Any CPU
		{0BAF7DEA-4340-4175-9592-CA5A6AE8C125}.Debug|Any CPU.ActiveCfg = Debug|Any CPU
		{0BAF7DEA-4340-4175-9592-CA5A6AE8C125}.Debug|Any CPU.Build.0 = Debug|Any CPU
		{0BAF7DEA-4340-4175-9592-CA5A6AE8C125}.Debug|Mixed Platforms.ActiveCfg = Debug|Any CPU
		{0BAF7DEA-4340-4175-9592-CA5A6AE8C125}.Debug|Mixed Platforms.Build.0 = Debug|Any CPU
		{0BAF7DEA-4340-4175-9592-CA5A6AE8C125}.Debug|Win32.ActiveCfg = Debug|Any CPU
		{0BAF7DEA-4340-4175-9592-CA5A6AE8C125}.Release|Any CPU.ActiveCfg = Release|Any CPU
		{0BAF7DEA-4340-4175-9592-CA5A6AE8C125}.Release|Any CPU.Build.0 = Release|Any CPU
		{0BAF7DEA-4340-4175-9592-CA5A6AE8C125}.Release|Mixed Platforms.ActiveCfg = Release|Any CPU
		{0BAF7DEA-4340-4175-9592-CA5A6AE8C125}.Release|Mixed Platforms.Build.0 = Release|Any CPU
		{0BAF7DEA-4340-4175-9592-CA5A6AE8C125}.Release|Win32.ActiveCfg = Release|Any CPU
		{8308311F-C693-4DA5-9C67-C8F42B04D0BF}.Debug|Any CPU.ActiveCfg = Debug|Any CPU
		{8308311F-C693-4DA5-9C67-C8F42B04D0BF}.Debug|Any CPU.Build.0 = Debug|Any CPU
		{8308311F-C693-4DA5-9C67-C8F42B04D0BF}.Debug|Mixed Platforms.ActiveCfg = Debug|Any CPU
		{8308311F-C693-4DA5-9C67-C8F42B04D0BF}.Debug|Mixed Platforms.Build.0 = Debug|Any CPU
		{8308311F-C693-4DA5-9C67-C8F42B04D0BF}.Debug|Win32.ActiveCfg = Debug|Any CPU
		{8308311F-C693-4DA5-9C67-C8F42B04D0BF}.Release|Any CPU.ActiveCfg = Release|Any CPU
		{8308311F-C693-4DA5-9C67-C8F42B04D0BF}.Release|Any CPU.Build.0 = Release|Any CPU
		{8308311F-C693-4DA5-9C67-C8F42B04D0BF}.Release|Mixed Platforms.ActiveCfg = Release|Any CPU
		{8308311F-C693-4DA5-9C67-C8F42B04D0BF}.Release|Mixed Platforms.Build.0 = Release|Any CPU
		{8308311F-C693-4DA5-9C67-C8F42B04D0BF}.Release|Win32.ActiveCfg = Release|Any CPU
		{C75E28D3-BA85-4CBF-B3A8-6E0C5B7DE98D}.Debug|Any CPU.ActiveCfg = Debug|Any CPU
		{C75E28D3-BA85-4CBF-B3A8-6E0C5B7DE98D}.Debug|Any CPU.Build.0 = Debug|Any CPU
		{C75E28D3-BA85-4CBF-B3A8-6E0C5B7DE98D}.Debug|Mixed Platforms.ActiveCfg = Debug|Any CPU
		{C75E28D3-BA85-4CBF-B3A8-6E0C5B7DE98D}.Debug|Mixed Platforms.Build.0 = Debug|Any CPU
		{C75E28D3-BA85-4CBF-B3A8-6E0C5B7DE98D}.Debug|Win32.ActiveCfg = Debug|Any CPU
		{C75E28D3-BA85-4CBF-B3A8-6E0C5B7DE98D}.Release|Any CPU.ActiveCfg = Release|Any CPU
		{C75E28D3-BA85-4CBF-B3A8-6E0C5B7DE98D}.Release|Any CPU.Build.0 = Release|Any CPU
		{C75E28D3-BA85-4CBF-B3A8-6E0C5B7DE98D}.Release|Mixed Platforms.ActiveCfg = Release|Any CPU
		{C75E28D3-BA85-4CBF-B3A8-6E0C5B7DE98D}.Release|Mixed Platforms.Build.0 = Release|Any CPU
		{C75E28D3-BA85-4CBF-B3A8-6E0C5B7DE98D}.Release|Win32.ActiveCfg = Release|Any CPU
		{B7D2D4E4-7FAE-40F0-9DBD-BBBB1BE3167E}.Debug|Any CPU.ActiveCfg = Debug|Any CPU
		{B7D2D4E4-7FAE-40F0-9DBD-BBBB1BE3167E}.Debug|Any CPU.Build.0 = Debug|Any CPU
		{B7D2D4E4-7FAE-40F0-9DBD-BBBB1BE3167E}.Debug|Mixed Platforms.ActiveCfg = Debug|Any CPU
		{B7D2D4E4-7FAE-40F0-9DBD-BBBB1BE3167E}.Debug|Mixed Platforms.Build.0 = Debug|Any CPU
		{B7D2D4E4-7FAE-40F0-9DBD-BBBB1BE3167E}.Debug|Win32.ActiveCfg = Debug|Any CPU
		{B7D2D4E4-7FAE-40F0-9DBD-BBBB1BE3167E}.Release|Any CPU.ActiveCfg = Release|Any CPU
		{B7D2D4E4-7FAE-40F0-9DBD-BBBB1BE3167E}.Release|Any CPU.Build.0 = Release|Any CPU
		{B7D2D4E4-7FAE-40F0-9DBD-BBBB1BE3167E}.Release|Mixed Platforms.ActiveCfg = Release|Any CPU
		{B7D2D4E4-7FAE-40F0-9DBD-BBBB1BE3167E}.Release|Mixed Platforms.Build.0 = Release|Any CPU
		{B7D2D4E4-7FAE-40F0-9DBD-BBBB1BE3167E}.Release|Win32.ActiveCfg = Release|Any CPU
		{9F607336-F0B9-4421-8858-172268D0872A}.Debug|Any CPU.ActiveCfg = Debug|Any CPU
		{9F607336-F0B9-4421-8858-172268D0872A}.Debug|Any CPU.Build.0 = Debug|Any CPU
		{9F607336-F0B9-4421-8858-172268D0872A}.Debug|Mixed Platforms.ActiveCfg = Debug|Any CPU
		{9F607336-F0B9-4421-8858-172268D0872A}.Debug|Mixed Platforms.Build.0 = Debug|Any CPU
		{9F607336-F0B9-4421-8858-172268D0872A}.Debug|Win32.ActiveCfg = Debug|Any CPU
		{9F607336-F0B9-4421-8858-172268D0872A}.Release|Any CPU.ActiveCfg = Release|Any CPU
		{9F607336-F0B9-4421-8858-172268D0872A}.Release|Any CPU.Build.0 = Release|Any CPU
		{9F607336-F0B9-4421-8858-172268D0872A}.Release|Mixed Platforms.ActiveCfg = Release|Any CPU
		{9F607336-F0B9-4421-8858-172268D0872A}.Release|Mixed Platforms.Build.0 = Release|Any CPU
		{9F607336-F0B9-4421-8858-172268D0872A}.Release|Win32.ActiveCfg = Release|Any CPU
		{F6B403C9-9712-451B-8B48-638F12F7EB37}.Debug|Any CPU.ActiveCfg = Debug|Any CPU
		{F6B403C9-9712-451B-8B48-638F12F7EB37}.Debug|Any CPU.Build.0 = Debug|Any CPU
		{F6B403C9-9712-451B-8B48-638F12F7EB37}.Debug|Mixed Platforms.ActiveCfg = Debug|Any CPU
		{F6B403C9-9712-451B-8B48-638F12F7EB37}.Debug|Mixed Platforms.Build.0 = Debug|Any CPU
		{F6B403C9-9712-451B-8B48-638F12F7EB37}.Debug|Win32.ActiveCfg = Debug|Any CPU
		{F6B403C9-9712-451B-8B48-638F12F7EB37}.Release|Any CPU.ActiveCfg = Release|Any CPU
		{F6B403C9-9712-451B-8B48-638F12F7EB37}.Release|Any CPU.Build.0 = Release|Any CPU
		{F6B403C9-9712-451B-8B48-638F12F7EB37}.Release|Mixed Platforms.ActiveCfg = Release|Any CPU
		{F6B403C9-9712-451B-8B48-638F12F7EB37}.Release|Mixed Platforms.Build.0 = Release|Any CPU
		{F6B403C9-9712-451B-8B48-638F12F7EB37}.Release|Win32.ActiveCfg = Release|Any CPU
		{BC440277-0249-4BBE-9D58-5C41EACA2418}.Debug|Any CPU.ActiveCfg = Debug|Any CPU
		{BC440277-0249-4BBE-9D58-5C41EACA2418}.Debug|Any CPU.Build.0 = Debug|Any CPU
		{BC440277-0249-4BBE-9D58-5C41EACA2418}.Debug|Mixed Platforms.ActiveCfg = Debug|Any CPU
		{BC440277-0249-4BBE-9D58-5C41EACA2418}.Debug|Mixed Platforms.Build.0 = Debug|Any CPU
		{BC440277-0249-4BBE-9D58-5C41EACA2418}.Debug|Win32.ActiveCfg = Debug|Any CPU
		{BC440277-0249-4BBE-9D58-5C41EACA2418}.Release|Any CPU.ActiveCfg = Release|Any CPU
		{BC440277-0249-4BBE-9D58-5C41EACA2418}.Release|Any CPU.Build.0 = Release|Any CPU
		{BC440277-0249-4BBE-9D58-5C41EACA2418}.Release|Mixed Platforms.ActiveCfg = Release|Any CPU
		{BC440277-0249-4BBE-9D58-5C41EACA2418}.Release|Mixed Platforms.Build.0 = Release|Any CPU
		{BC440277-0249-4BBE-9D58-5C41EACA2418}.Release|Win32.ActiveCfg = Release|Any CPU
		{5531F8D8-C9BD-4441-8AA3-943186B7690D}.Debug|Any CPU.ActiveCfg = Debug|Any CPU
		{5531F8D8-C9BD-4441-8AA3-943186B7690D}.Debug|Any CPU.Build.0 = Debug|Any CPU
		{5531F8D8-C9BD-4441-8AA3-943186B7690D}.Debug|Mixed Platforms.ActiveCfg = Debug|Any CPU
		{5531F8D8-C9BD-4441-8AA3-943186B7690D}.Debug|Mixed Platforms.Build.0 = Debug|Any CPU
		{5531F8D8-C9BD-4441-8AA3-943186B7690D}.Debug|Win32.ActiveCfg = Debug|Any CPU
		{5531F8D8-C9BD-4441-8AA3-943186B7690D}.Release|Any CPU.ActiveCfg = Release|Any CPU
		{5531F8D8-C9BD-4441-8AA3-943186B7690D}.Release|Any CPU.Build.0 = Release|Any CPU
		{5531F8D8-C9BD-4441-8AA3-943186B7690D}.Release|Mixed Platforms.ActiveCfg = Release|Any CPU
		{5531F8D8-C9BD-4441-8AA3-943186B7690D}.Release|Mixed Platforms.Build.0 = Release|Any CPU
		{5531F8D8-C9BD-4441-8AA3-943186B7690D}.Release|Win32.ActiveCfg = Release|Any CPU
		{1DBB10F2-5070-419C-B6D4-B0847AD097F0}.Debug|Any CPU.ActiveCfg = Debug|Any CPU
		{1DBB10F2-5070-419C-B6D4-B0847AD097F0}.Debug|Any CPU.Build.0 = Debug|Any CPU
		{1DBB10F2-5070-419C-B6D4-B0847AD097F0}.Debug|Mixed Platforms.ActiveCfg = Debug|Any CPU
		{1DBB10F2-5070-419C-B6D4-B0847AD097F0}.Debug|Mixed Platforms.Build.0 = Debug|Any CPU
		{1DBB10F2-5070-419C-B6D4-B0847AD097F0}.Debug|Win32.ActiveCfg = Debug|Any CPU
		{1DBB10F2-5070-419C-B6D4-B0847AD097F0}.Release|Any CPU.ActiveCfg = Release|Any CPU
		{1DBB10F2-5070-419C-B6D4-B0847AD097F0}.Release|Any CPU.Build.0 = Release|Any CPU
		{1DBB10F2-5070-419C-B6D4-B0847AD097F0}.Release|Mixed Platforms.ActiveCfg = Release|Any CPU
		{1DBB10F2-5070-419C-B6D4-B0847AD097F0}.Release|Mixed Platforms.Build.0 = Release|Any CPU
		{1DBB10F2-5070-419C-B6D4-B0847AD097F0}.Release|Win32.ActiveCfg = Release|Any CPU
		{EFA8CC40-0281-40A1-BE31-0654A65827E5}.Debug|Any CPU.ActiveCfg = Debug|Any CPU
		{EFA8CC40-0281-40A1-BE31-0654A65827E5}.Debug|Any CPU.Build.0 = Debug|Any CPU
		{EFA8CC40-0281-40A1-BE31-0654A65827E5}.Debug|Mixed Platforms.ActiveCfg = Debug|Any CPU
		{EFA8CC40-0281-40A1-BE31-0654A65827E5}.Debug|Mixed Platforms.Build.0 = Debug|Any CPU
		{EFA8CC40-0281-40A1-BE31-0654A65827E5}.Debug|Win32.ActiveCfg = Debug|Any CPU
		{EFA8CC40-0281-40A1-BE31-0654A65827E5}.Release|Any CPU.ActiveCfg = Release|Any CPU
		{EFA8CC40-0281-40A1-BE31-0654A65827E5}.Release|Any CPU.Build.0 = Release|Any CPU
		{EFA8CC40-0281-40A1-BE31-0654A65827E5}.Release|Mixed Platforms.ActiveCfg = Release|Any CPU
		{EFA8CC40-0281-40A1-BE31-0654A65827E5}.Release|Mixed Platforms.Build.0 = Release|Any CPU
		{EFA8CC40-0281-40A1-BE31-0654A65827E5}.Release|Win32.ActiveCfg = Release|Any CPU
		{0C42661B-A8FA-49E6-BDD9-58EF68FA1636}.Debug|Any CPU.ActiveCfg = Debug|Any CPU
		{0C42661B-A8FA-49E6-BDD9-58EF68FA1636}.Debug|Any CPU.Build.0 = Debug|Any CPU
		{0C42661B-A8FA-49E6-BDD9-58EF68FA1636}.Debug|Mixed Platforms.ActiveCfg = Debug|Any CPU
		{0C42661B-A8FA-49E6-BDD9-58EF68FA1636}.Debug|Mixed Platforms.Build.0 = Debug|Any CPU
		{0C42661B-A8FA-49E6-BDD9-58EF68FA1636}.Debug|Win32.ActiveCfg = Debug|Any CPU
		{0C42661B-A8FA-49E6-BDD9-58EF68FA1636}.Release|Any CPU.ActiveCfg = Release|Any CPU
		{0C42661B-A8FA-49E6-BDD9-58EF68FA1636}.Release|Any CPU.Build.0 = Release|Any CPU
		{0C42661B-A8FA-49E6-BDD9-58EF68FA1636}.Release|Mixed Platforms.ActiveCfg = Release|Any CPU
		{0C42661B-A8FA-49E6-BDD9-58EF68FA1636}.Release|Mixed Platforms.Build.0 = Release|Any CPU
		{0C42661B-A8FA-49E6-BDD9-58EF68FA1636}.Release|Win32.ActiveCfg = Release|Any CPU
		{CBCC64CA-4D3A-43A8-A7F6-43952218FEC9}.Debug|Any CPU.ActiveCfg = Debug|Any CPU
		{CBCC64CA-4D3A-43A8-A7F6-43952218FEC9}.Debug|Any CPU.Build.0 = Debug|Any CPU
		{CBCC64CA-4D3A-43A8-A7F6-43952218FEC9}.Debug|Mixed Platforms.ActiveCfg = Debug|Any CPU
		{CBCC64CA-4D3A-43A8-A7F6-43952218FEC9}.Debug|Mixed Platforms.Build.0 = Debug|Any CPU
		{CBCC64CA-4D3A-43A8-A7F6-43952218FEC9}.Debug|Win32.ActiveCfg = Debug|Any CPU
		{CBCC64CA-4D3A-43A8-A7F6-43952218FEC9}.Release|Any CPU.ActiveCfg = Release|Any CPU
		{CBCC64CA-4D3A-43A8-A7F6-43952218FEC9}.Release|Any CPU.Build.0 = Release|Any CPU
		{CBCC64CA-4D3A-43A8-A7F6-43952218FEC9}.Release|Mixed Platforms.ActiveCfg = Release|Any CPU
		{CBCC64CA-4D3A-43A8-A7F6-43952218FEC9}.Release|Mixed Platforms.Build.0 = Release|Any CPU
		{CBCC64CA-4D3A-43A8-A7F6-43952218FEC9}.Release|Win32.ActiveCfg = Release|Any CPU
		{DAA7B640-3E08-430C-AB98-917597CE3601}.Debug|Any CPU.ActiveCfg = Debug|Any CPU
		{DAA7B640-3E08-430C-AB98-917597CE3601}.Debug|Any CPU.Build.0 = Debug|Any CPU
		{DAA7B640-3E08-430C-AB98-917597CE3601}.Debug|Mixed Platforms.ActiveCfg = Debug|Any CPU
		{DAA7B640-3E08-430C-AB98-917597CE3601}.Debug|Mixed Platforms.Build.0 = Debug|Any CPU
		{DAA7B640-3E08-430C-AB98-917597CE3601}.Debug|Win32.ActiveCfg = Debug|Any CPU
		{DAA7B640-3E08-430C-AB98-917597CE3601}.Release|Any CPU.ActiveCfg = Release|Any CPU
		{DAA7B640-3E08-430C-AB98-917597CE3601}.Release|Any CPU.Build.0 = Release|Any CPU
		{DAA7B640-3E08-430C-AB98-917597CE3601}.Release|Mixed Platforms.ActiveCfg = Release|Any CPU
		{DAA7B640-3E08-430C-AB98-917597CE3601}.Release|Mixed Platforms.Build.0 = Release|Any CPU
		{DAA7B640-3E08-430C-AB98-917597CE3601}.Release|Win32.ActiveCfg = Release|Any CPU
		{B6CC9F23-007D-47BA-8F49-236FBA118442}.Debug|Any CPU.ActiveCfg = Debug|Any CPU
		{B6CC9F23-007D-47BA-8F49-236FBA118442}.Debug|Any CPU.Build.0 = Debug|Any CPU
		{B6CC9F23-007D-47BA-8F49-236FBA118442}.Debug|Mixed Platforms.ActiveCfg = Debug|Any CPU
		{B6CC9F23-007D-47BA-8F49-236FBA118442}.Debug|Mixed Platforms.Build.0 = Debug|Any CPU
		{B6CC9F23-007D-47BA-8F49-236FBA118442}.Debug|Win32.ActiveCfg = Debug|Any CPU
		{B6CC9F23-007D-47BA-8F49-236FBA118442}.Release|Any CPU.ActiveCfg = Release|Any CPU
		{B6CC9F23-007D-47BA-8F49-236FBA118442}.Release|Any CPU.Build.0 = Release|Any CPU
		{B6CC9F23-007D-47BA-8F49-236FBA118442}.Release|Mixed Platforms.ActiveCfg = Release|Any CPU
		{B6CC9F23-007D-47BA-8F49-236FBA118442}.Release|Mixed Platforms.Build.0 = Release|Any CPU
		{B6CC9F23-007D-47BA-8F49-236FBA118442}.Release|Win32.ActiveCfg = Release|Any CPU
	EndGlobalSection
	GlobalSection(SolutionProperties) = preSolution
		HideSolutionNode = FALSE
	EndGlobalSection
	GlobalSection(TestCaseManagementSettings) = postSolution
		CategoryFile = Ringtail8.vsmdi
	EndGlobalSection
EndGlobal
